
Microsoft Visual Studio Solution File, Format Version 12.00
# Visual Studio Version 16
VisualStudioVersion = 16.0.32630.194
MinimumVisualStudioVersion = 10.0.40219.1
Project("{FAE04EC0-301F-11D3-BF4B-00C04F79EFBC}") = "Pattern", "Pattern.csproj", "{CF0B408F-60E2-4544-A93D-FFCCC911C1AF}"
EndProject
Global
	GlobalSection(SolutionConfigurationPlatforms) = preSolution
		Debug|Any CPU = Debug|Any CPU
		Release|Any CPU = Release|Any CPU
	EndGlobalSection
	GlobalSection(ProjectConfigurationPlatforms) = postSolution
		{CF0B408F-60E2-4544-A93D-FFCCC911C1AF}.Debug|Any CPU.ActiveCfg = Debug|Any CPU
		{CF0B408F-60E2-4544-A93D-FFCCC911C1AF}.Debug|Any CPU.Build.0 = Debug|Any CPU
		{CF0B408F-60E2-4544-A93D-FFCCC911C1AF}.Release|Any CPU.ActiveCfg = Release|Any CPU
		{CF0B408F-60E2-4544-A93D-FFCCC911C1AF}.Release|Any CPU.Build.0 = Release|Any CPU
	EndGlobalSection
	GlobalSection(SolutionProperties) = preSolution
		HideSolutionNode = FALSE
	EndGlobalSection
	GlobalSection(ExtensibilityGlobals) = postSolution
		SolutionGuid = {977CA347-0F8F-43C9-B3BC-B65D204135DD}
	EndGlobalSection
EndGlobal
